version = 1
revision = 3
requires-python = ">=3.12"

[[package]]
name = "colorama"
version = "0.4.6"
source = { registry = "https://pypi.org/simple" }
sdist = { url = "https://files.pythonhosted.org/packages/d8/53/6f443c9a4a8358a93a6792e2acffb9d9d5cb0a5cfd8802644b7b1c9a02e4/colorama-0.4.6.tar.gz", hash = "sha256:08695f5cb7ed6e0531a20572697297273c47b8cae5a63ffc6d6ed5c201be6e44", size = 27697, upload-time = "2022-10-25T02:36:22.414Z" }
wheels = [
    { url = "https://files.pythonhosted.org/packages/d1/d6/3965ed04c63042e047cb6a3e6ed1a63a35087b6a609aa3a15ed8ac56c221/colorama-0.4.6-py2.py3-none-any.whl", hash = "sha256:4f1d9991f5acc0ca119f9d443620b77f9d6b33703e51011c16baf57afb285fc6", size = 25335, upload-time = "2022-10-25T02:36:20.889Z" },
]

[[package]]
name = "iniconfig"
version = "2.3.1"
source = { registry = "https://pypi.org/simple" }
sdist = { url = "https://files.pythonhosted.org/packages/01/e1/2069291243c926a2ff1cd706c7f3eeb9b62144bf60f77c9fb9ff2fb26bd3/iniconfig-2.3.1.tar.gz", hash = "sha256:67f4b9c50da0dedf52af349e7749a80a9057a5031199791b906c3bb3ae878960", size = 21209, upload-time = "2026-10-06T22:48:38.076Z" }
wheels = [
    { url = "https://files.pythonhosted.org/packages/56/43/4ca9e49d27a1fcf6bece6f6aec0ea46bb9112489b93d4b688fb415457bdb/iniconfig-2.3.1-py3-none-any.whl", hash = "sha256:9121e2c1fdb355232495be3194c8dfe87ccc2d5dee45947b78e68f499790d7a7", size = 7552, upload-time = "2026-10-06T22:48:36.959Z" },
]

[[package]]
name = "packaging"
version = "26.3"
source = { registry = "https://pypi.org/simple" }
sdist = { url = "https://files.pythonhosted.org/packages/7d/fa/3944b40b07da9ce895c0e6303a5ab7d53da063554f534556b134a54d6093/packaging-26.3.tar.gz", hash = "sha256:94edc256424af38762eb31306eed28beb9f0efc50a8837492c9d6fd6004aed79", size = 313412, upload-time = "2026-08-04T18:15:28.737Z" }
wheels = [
    { url = "https://files.pythonhosted.org/packages/63/34/ba1c580383c9eada3711951fef0795c80b829a078d72188184bcab9dd527/packaging-26.3-py3-none-any.whl", hash = "sha256:d7193f7c8e4e93f444fde0262bf90af30e16fa0ad0ad44cb553c87339b23cd1c", size = 129956, upload-time = "2026-08-04T18:15:27.159Z" },
]

[[package]]
name = "pluggy"
version = "1.6.0"
source = { registry = "https://pypi.org/simple" }
sdist = { url = "https://files.pythonhosted.org/packages/f9/e2/3e91f31a7d2b083fe6ef3fa267035b518369d9511ffab804f839851d2779/pluggy-1.6.0.tar.gz", hash = "sha256:7dcc130b76258d33b90f61b658791dede3486c3e6bfb003ee5c9bfb396dd22f3", size = 69412, upload-time = "2025-05-15T12:30:07.975Z" }
wheels = [
    { url = "https://files.pythonhosted.org/packages/54/20/4d324d65cc6d9205fabedc306948156824eb9f0ee1633355a8f7ec5c66bf/pluggy-1.6.0-py3-none-any.whl", hash = "sha256:e920276dd6813095e9377c0bc5566d94c932c33b27a3e3945d8389c374dd4746", size = 20538, upload-time = "2025-05-15T12:30:06.134Z" },
]

[[package]]
name = "prek"
version = "0.5.5"
source = { registry = "https://pypi.org/simple" }
sdist = { url = "https://files.pythonhosted.org/packages/9b/7b/11538b8e6cd7e269261feae62a2d08818fdcf8f43c3b1a253cec01a5488d/prek-0.5.5.tar.gz", hash = "sha256:16bf596768bb754779c7d42317e9ca16ac609c0cce7d13bae0829944ab40a26a", size = 570428, upload-time = "2026-10-05T06:08:59.165Z" }
wheels = [
    { url = "https://files.pythonhosted.org/packages/2e/77/189e554ea92baf6c1d33733b3e9d1ed819ab7d77e57eb2e3ead0bb1d8060/prek-0.5.5-py3-none-macosx_10_12_x86_64.whl", hash = "sha256:50fbceb0f728b504023f6e6c9037ac0656436949d94f7a85bac5542e6c1a4a75", size = 6038669, upload-time = "2026-10-05T06:08:39.368Z" },
    { url = "https://files.pythonhosted.org/packages/63/ea/fc857c6b3f1e3fdb4d81bdca2051076de82e986cb1455a01b351ac7a5cd1/prek-0.5.5-py3-none-macosx_11_0_arm64.whl", hash = "sha256:2f610927b95e84b28173a4c810892a7b5d5bb55bee792ddf97178fa97654633e", size = 5548955, upload-time = "2026-10-05T06:08:41.428Z" },
    { url = "https://files.pythonhosted.org/packages/47/c3/2bab54f6393fb9f247225681d476086e24fa6242f329e9ca1e5bd638ec50/prek-0.5.5-py3-none-manylinux_2_17_aarch64.manylinux2014_aarch64.musllinux_1_1_aarch64.whl", hash = "sha256:120ef7d4b6bb58155e74827743c266e48501efb0e4c37ff726b14fe6e86a126b", size = 5848228, upload-time = "2026-10-05T06:08:44.051Z" },
    { url = "https://files.pythonhosted.org/packages/aa/f9/1279e1c83819de5904db1a09f4afc589932a2e62c7063713b1fe3a54ee46/prek-0.5.5-py3-none-manylinux_2_17_ppc64le.manylinux2014_ppc64le.whl", hash = "sha256:2f6c453a12c21757b23bbbc97415aef78527841ad3f9e61f52cb35cf012f93e5", size = 6371296, upload-time = "2026-10-05T06:08:46.278Z" },
    { url = "https://files.pythonhosted.org/packages/93/fc/e566be5919eaffef4cc22488f16e4bbfd08961734bd67c06f85d405e4cbc/prek-0.5.5-py3-none-manylinux_2_17_x86_64.manylinux2014_x86_64.whl", hash = "sha256:73d509c0d9556171de2502bada4962be7a25871e7b23e782549074e1416dc850", size = 6269922, upload-time = "2026-10-05T06:08:48.645Z" },
    { url = "https://files.pythonhosted.org/packages/d2/39/a48d8e6203055bff7bb734b1f2f9aede4a4539bee6ab4c9273dbc01fa546/prek-0.5.5-py3-none-manylinux_2_28_aarch64.whl", hash = "sha256:76c867fdbd4e4f19e6b6b2988bd1e1407d1324170ebcf1428e4e34f8f0751a99", size = 5861518, upload-time = "2026-10-05T06:08:50.808Z" },
    { url = "https://files.pythonhosted.org/packages/b7/03/690fba9543033e25ea2e7b2ae1cca1ae8d8c2e32295f0d66f4b50934b8c7/prek-0.5.5-py3-none-musllinux_1_1_x86_64.whl", hash = "sha256:c69f60c2b3b4d481e38d0eab3b97ac05ec05d7648ae690925ae95ca9d22c7643", size = 6383685, upload-time = "2026-10-05T06:08:52.868Z" },
    { url = "https://files.pythonhosted.org/packages/8c/04/1e9ccf3a61a3bfd4107b83973f7afde9177b6ff8f2d5d4b00125e77c2100/prek-0.5.5-py3-none-win_amd64.whl", hash = "sha256:15bff9039349466ea9bf6b0c173b822ff08f8ae4cfbfdea782492e519c06d874", size = 5784759, upload-time = "2026-10-05T06:08:55.056Z" },
    { url = "https://files.pythonhosted.org/packages/41/d9/bb6811e438d3c74d26cb5d72e6343606e0a7a6283fee87521189f4ba1191/prek-0.5.5-py3-none-win_arm64.whl", hash = "sha256:3db3191d2509830c75438e20956a47c2259867d18a4106064ed75088b968a0c6", size = 5517355, upload-time = "2026-10-05T06:08:57.193Z" },
]

[[package]]
name = "pyeconomics"
version = "1.0.0.dev1"
source = { editable = "." }

[package.dev-dependencies]
dev = [
    { name = "packaging" },
    { name = "prek" },
    { name = "pytest" },
]
test = [
    { name = "pytest" },
]

[package.metadata]
provides-extras = ["server", "mcp", "ai", "econometrics", "plot", "all"]

[package.metadata.requires-dev]
dev = [
    { name = "packaging", specifier = ">=26.3" },
    { name = "prek", specifier = ">=0.5.5" },
    { name = "pytest" },
]
docs = []
test = [{ name = "pytest" }]

[[package]]
name = "pygments"
version = "2.21.0"
source = { registry = "https://pypi.org/simple" }
sdist = { url = "https://files.pythonhosted.org/packages/49/2e/ced460408999b33da6b31b0021b0f37d329e202d4169aeb164493778f25b/pygments-2.21.0.tar.gz", hash = "sha256:610ca751c9bc2492b38eb9a38a7fbc93edbbb2d7182edaf34e66ae493dee5c8c", size = 5005329, upload-time = "2026-08-17T08:02:48.824Z" }
wheels = [
    { url = "https://files.pythonhosted.org/packages/71/46/17f022dd3e953bf20a04a028a21ec746d942f8d2af30fa0f124fa0e6a684/pygments-2.21.0-py3-none-any.whl", hash = "sha256:2363c69b61c4a97c838da3b130dcd6468f4848992b21a82f2a63ec34377137d9", size = 1250147, upload-time = "2026-08-17T08:02:44.912Z" },
]

[[package]]
name = "pytest"
version = "9.1.1"
source = { registry = "https://pypi.org/simple" }
dependencies = [
    { name = "colorama", marker = "sys_platform == 'win32'" },
    { name = "iniconfig" },
    { name = "packaging" },
    { name = "pluggy" },
    { name = "pygments" },
]
sdist = { url = "https://files.pythonhosted.org/packages/e4/47/b9efed96c114afcfa3c9d3fe98a76a1d14c74a9e266d397cf6eb64be5e01/pytest-9.1.1.tar.gz", hash = "sha256:1088fbde8f2b49d95a549a195707afa7a76a3ce9bcadc26b6d71f0ffda5fe313", size = 1636369, upload-time = "2026-06-19T10:58:32.857Z" }
wheels = [
    { url = "https://files.pythonhosted.org/packages/24/25/1de2678b631f5a49215c6c96fff41ba892b0a34df68d6d80292b1b48aa7f/pytest-9.1.1-py3-none-any.whl", hash = "sha256:37a86b45efb9a47a61a36449063e8e18d0cab3161329fc099eb21783169c4f0c", size = 386536, upload-time = "2026-06-19T10:58:31.347Z" },
]
